// !$*UTF8*$!
{
	archiveVersion = 1;
	classes = {
	};
	objectVersion = 77;
	objects = {

/* Begin PBXBuildFile section */
		2D43052FA84FFA59C22D1D63 /* Components.swift in Sources */ = {isa = PBXBuildFile; fileRef = 34F27754DE30D46F6D92C210 /* Components.swift */; };
		3371D6C813F66475167B1935 /* ScanActiveScreen.swift in Sources */ = {isa = PBXBuildFile; fileRef = 567F03F39DC1960747A6BBB3 /* ScanActiveScreen.swift */; };
		7F1879AC910D3E0197F77B5D /* AtharEyeCompareApp.swift in Sources */ = {isa = PBXBuildFile; fileRef = BDD529346CE3A0B43F6D4CE4 /* AtharEyeCompareApp.swift */; };
		BF901AF364BB71D13085D48C /* Theme.swift in Sources */ = {isa = PBXBuildFile; fileRef = 76A67AFCA34A13D28B057B42 /* Theme.swift */; };
		CF0488035386E4AB6BC121F4 /* ProjectsScreen.swift in Sources */ = {isa = PBXBuildFile; fileRef = B024F9754EB2421AE1ED7141 /* ProjectsScreen.swift */; };
		D2EB9DF19297A99D5F1CCDBD /* ReportDetailScreen.swift in Sources */ = {isa = PBXBuildFile; fileRef = 95252C41F16829B6A07BC7E8 /* ReportDetailScreen.swift */; };
		E27F246E1492ACA56ADAEF0F /* Data.swift in Sources */ = {isa = PBXBuildFile; fileRef = 58355FCEBDBDF203FCA03866 /* Data.swift */; };
/* End PBXBuildFile section */

/* Begin PBXFileReference section */
		34F27754DE30D46F6D92C210 /* Components.swift */ = {isa = PBXFileReference; lastKnownFileType = sourcecode.swift; path = Components.swift; sourceTree = "<group>"; };
		567F03F39DC1960747A6BBB3 /* ScanActiveScreen.swift */ = {isa = PBXFileReference; lastKnownFileType = sourcecode.swift; path = ScanActiveScreen.swift; sourceTree = "<group>"; };
		58355FCEBDBDF203FCA03866 /* Data.swift */ = {isa = PBXFileReference; lastKnownFileType = sourcecode.swift; path = Data.swift; sourceTree = "<group>"; };
		688A441D44175CA0CB54E072 /* AtharEyeCompare.app */ = {isa = PBXFileReference; includeInIndex = 0; lastKnownFileType = wrapper.application; path = AtharEyeCompare.app; sourceTree = BUILT_PRODUCTS_DIR; };
		76A67AFCA34A13D28B057B42 /* Theme.swift */ = {isa = PBXFileReference; lastKnownFileType = sourcecode.swift; path = Theme.swift; sourceTree = "<group>"; };
		95252C41F16829B6A07BC7E8 /* ReportDetailScreen.swift */ = {isa = PBXFileReference; lastKnownFileType = sourcecode.swift; path = ReportDetailScreen.swift; sourceTree = "<group>"; };
		B024F9754EB2421AE1ED7141 /* ProjectsScreen.swift */ = {isa = PBXFileReference; lastKnownFileType = sourcecode.swift; path = ProjectsScreen.swift; sourceTree = "<group>"; };
		BDD529346CE3A0B43F6D4CE4 /* AtharEyeCompareApp.swift */ = {isa = PBXFileReference; lastKnownFileType = sourcecode.swift; path = AtharEyeCompareApp.swift; sourceTree = "<group>"; };
/* End PBXFileReference section */

/* Begin PBXGroup section */
		7C52800D5EBD97249369152C = {
			isa = PBXGroup;
			children = (
				C502AFC55E45B25840EE8F4D /* Sources */,
				F3CCC5AED7FE96618D047595 /* Products */,
			);
			sourceTree = "<group>";
		};
		C502AFC55E45B25840EE8F4D /* Sources */ = {
			isa = PBXGroup;
			children = (
				BDD529346CE3A0B43F6D4CE4 /* AtharEyeCompareApp.swift */,
				34F27754DE30D46F6D92C210 /* Components.swift */,
				58355FCEBDBDF203FCA03866 /* Data.swift */,
				B024F9754EB2421AE1ED7141 /* ProjectsScreen.swift */,
				95252C41F16829B6A07BC7E8 /* ReportDetailScreen.swift */,
				567F03F39DC1960747A6BBB3 /* ScanActiveScreen.swift */,
				76A67AFCA34A13D28B057B42 /* Theme.swift */,
			);
			path = Sources;
			sourceTree = "<group>";
		};
		F3CCC5AED7FE96618D047595 /* Products */ = {
			isa = PBXGroup;
			children = (
				688A441D44175CA0CB54E072 /* AtharEyeCompare.app */,
			);
			name = Products;
			sourceTree = "<group>";
		};
/* End PBXGroup section */

/* Begin PBXNativeTarget section */
		619E111C22AB407E4A00A02C /* AtharEyeCompare */ = {
			isa = PBXNativeTarget;
			buildConfigurationList = 5197A4098FF5AADBFB2A3320 /* Build configuration list for PBXNativeTarget "AtharEyeCompare" */;
			buildPhases = (
				F7B801C64D5707AE2683C11C /* Sources */,
			);
			buildRules = (
			);
			dependencies = (
			);
			name = AtharEyeCompare;
			packageProductDependencies = (
			);
			productName = AtharEyeCompare;
			productReference = 688A441D44175CA0CB54E072 /* AtharEyeCompare.app */;
			productType = "com.apple.product-type.application";
		};
/* End PBXNativeTarget section */

/* Begin PBXProject section */
		E339FD0A8A64FF8628865FAC /* Project object */ = {
			isa = PBXProject;
			attributes = {
				BuildIndependentTargetsInParallel = YES;
				LastUpgradeCheck = 1430;
				TargetAttributes = {
				};
			};
			buildConfigurationList = 2931B0318C3210D2F6288109 /* Build configuration list for PBXProject "AtharEyeCompare" */;
			developmentRegion = en;
			hasScannedForEncodings = 0;
			knownRegions = (
				Base,
				en,
			);
			mainGroup = 7C52800D5EBD97249369152C;
			minimizedProjectReferenceProxies = 1;
			preferredProjectObjectVersion = 77;
			productRefGroup = F3CCC5AED7FE96618D047595 /* Products */;
			projectDirPath = "";
			projectRoot = "";
			targets = (
				619E111C22AB407E4A00A02C /* AtharEyeCompare */,
			);
		};
/* End PBXProject section */

/* Begin PBXSourcesBuildPhase section */
		F7B801C64D5707AE2683C11C /* Sources */ = {
			isa = PBXSourcesBuildPhase;
			buildActionMask = 2147483647;
			files = (
				7F1879AC910D3E0197F77B5D /* AtharEyeCompareApp.swift in Sources */,
				2D43052FA84FFA59C22D1D63 /* Components.swift in Sources */,
				E27F246E1492ACA56ADAEF0F /* Data.swift in Sources */,
				CF0488035386E4AB6BC121F4 /* ProjectsScreen.swift in Sources */,
				D2EB9DF19297A99D5F1CCDBD /* ReportDetailScreen.swift in Sources */,
				3371D6C813F66475167B1935 /* ScanActiveScreen.swift in Sources */,
				BF901AF364BB71D13085D48C /* Theme.swift in Sources */,
			);
			runOnlyForDeploymentPostprocessing = 0;
		};
/* End PBXSourcesBuildPhase section */

/* Begin XCBuildConfiguration section */
		083DA94D43B70870D0E8E19C /* Debug */ = {
			isa = XCBuildConfiguration;
			buildSettings = {
				ALWAYS_SEARCH_USER_PATHS = NO;
				CLANG_ANALYZER_NONNULL = YES;
				CLANG_ANALYZER_NUMBER_OBJECT_CONVERSION = YES_AGGRESSIVE;
				CLANG_CXX_LANGUAGE_STANDARD = "gnu++14";
				CLANG_CXX_LIBRARY = "libc++";
				CLANG_ENABLE_MODULES = YES;
				CLANG_ENABLE_OBJC_ARC = YES;
				CLANG_ENABLE_OBJC_WEAK = YES;
				CLANG_WARN_BLOCK_CAPTURE_AUTORELEASING = YES;
				CLANG_WARN_BOOL_CONVERSION = YES;
				CLANG_WARN_COMMA = YES;
				CLANG_WARN_CONSTANT_CONVERSION = YES;
				CLANG_WARN_DEPRECATED_OBJC_IMPLEMENTATIONS = YES;
				CLANG_WARN_DIRECT_OBJC_ISA_USAGE = YES_ERROR;
				CLANG_WARN_DOCUMENTATION_COMMENTS = YES;
				CLANG_WARN_EMPTY_BODY = YES;
				CLANG_WARN_ENUM_CONVERSION = YES;
				CLANG_WARN_INFINITE_RECURSION = YES;
				CLANG_WARN_INT_CONVERSION = YES;
				CLANG_WARN_NON_LITERAL_NULL_CONVERSION = YES;
				CLANG_WARN_OBJC_IMPLICIT_RETAIN_SELF = YES;
				CLANG_WARN_OBJC_LITERAL_CONVERSION = YES;
				CLANG_WARN_OBJC_ROOT_CLASS = YES_ERROR;
				CLANG_WARN_QUOTED_INCLUDE_IN_FRAMEWORK_HEADER = YES;
				CLANG_WARN_RANGE_LOOP_ANALYSIS = YES;
				CLANG_WARN_STRICT_PROTOTYPES = YES;
				CLANG_WARN_SUSPICIOUS_MOVE = YES;
				CLANG_WARN_UNGUARDED_AVAILABILITY = YES_AGGRESSIVE;
				CLANG_WARN_UNREACHABLE_CODE = YES;
				CLANG_WARN__DUPLICATE_METHOD_MATCH = YES;
				COPY_PHASE_STRIP = NO;
				CURRENT_PROJECT_VERSION = 1;
				DEBUG_INFORMATION_FORMAT = dwarf;
				DEVELOPMENT_LANGUAGE = en;
				ENABLE_STRICT_OBJC_MSGSEND = YES;
				ENABLE_TESTABILITY = YES;
				GCC_C_LANGUAGE_STANDARD = gnu11;
				GCC_DYNAMIC_NO_PIC = NO;
				GCC_NO_COMMON_BLOCKS = YES;
				GCC_OPTIMIZATION_LEVEL = 0;
				GCC_PREPROCESSOR_DEFINITIONS = (
					"$(inherited)",
					"DEBUG=1",
				);
				GCC_WARN_64_TO_32_BIT_CONVERSION = YES;
				GCC_WARN_ABOUT_RETURN_TYPE = YES_ERROR;
				GCC_WARN_UNDECLARED_SELECTOR = YES;
				GCC_WARN_UNINITIALIZED_AUTOS = YES_AGGRESSIVE;
				GCC_WARN_UNUSED_FUNCTION = YES;
				GCC_WARN_UNUSED_VARIABLE = YES;
				IPHONEOS_DEPLOYMENT_TARGET = 17.0;
				MARKETING_VERSION = 1.0;
				MTL_ENABLE_DEBUG_INFO = INCLUDE_SOURCE;
				MTL_FAST_MATH = YES;
				ONLY_ACTIVE_ARCH = YES;
				PRODUCT_NAME = "$(TARGET_NAME)";
				SDKROOT = iphoneos;
				SWIFT_ACTIVE_COMPILATION_CONDITIONS = DEBUG;
				SWIFT_OPTIMIZATION_LEVEL = "-Onone";
				SWIFT_VERSION = 6.0;
			};
			name = Debug;
		};
		2E5FF3ED0A6E64ABAFF7146E /* Release */ = {
			isa = XCBuildConfiguration;
			buildSettings = {
				ALWAYS_SEARCH_USER_PATHS = NO;
				CLANG_ANALYZER_NONNULL = YES;
				CLANG_ANALYZER_NUMBER_OBJECT_CONVERSION = YES_AGGRESSIVE;
				CLANG_CXX_LANGUAGE_STANDARD = "gnu++14";
				CLANG_CXX_LIBRARY = "libc++";
				CLANG_ENABLE_MODULES = YES;
				CLANG_ENABLE_OBJC_ARC = YES;
				CLANG_ENABLE_OBJC_WEAK = YES;
				CLANG_WARN_BLOCK_CAPTURE_AUTORELEASING = YES;
				CLANG_WARN_BOOL_CONVERSION = YES;
				CLANG_WARN_COMMA = YES;
				CLANG_WARN_CONSTANT_CONVERSION = YES;
				CLANG_WARN_DEPRECATED_OBJC_IMPLEMENTATIONS = YES;
				CLANG_WARN_DIRECT_OBJC_ISA_USAGE = YES_ERROR;
				CLANG_WARN_DOCUMENTATION_COMMENTS = YES;
				CLANG_WARN_EMPTY_BODY = YES;
				CLANG_WARN_ENUM_CONVERSION = YES;
				CLANG_WARN_INFINITE_RECURSION = YES;
				CLANG_WARN_INT_CONVERSION = YES;
				CLANG_WARN_NON_LITERAL_NULL_CONVERSION = YES;
				CLANG_WARN_OBJC_IMPLICIT_RETAIN_SELF = YES;
				CLANG_WARN_OBJC_LITERAL_CONVERSION = YES;
				CLANG_WARN_OBJC_ROOT_CLASS = YES_ERROR;
				CLANG_WARN_QUOTED_INCLUDE_IN_FRAMEWORK_HEADER = YES;
				CLANG_WARN_RANGE_LOOP_ANALYSIS = YES;
				CLANG_WARN_STRICT_PROTOTYPES = YES;
				CLANG_WARN_SUSPICIOUS_MOVE = YES;
				CLANG_WARN_UNGUARDED_AVAILABILITY = YES_AGGRESSIVE;
				CLANG_WARN_UNREACHABLE_CODE = YES;
				CLANG_WARN__DUPLICATE_METHOD_MATCH = YES;
				COPY_PHASE_STRIP = NO;
				CURRENT_PROJECT_VERSION = 1;
				DEBUG_INFORMATION_FORMAT = "dwarf-with-dsym";
				DEVELOPMENT_LANGUAGE = en;
				ENABLE_NS_ASSERTIONS = NO;
				ENABLE_STRICT_OBJC_MSGSEND = YES;
				GCC_C_LANGUAGE_STANDARD = gnu11;
				GCC_NO_COMMON_BLOCKS = YES;
				GCC_WARN_64_TO_32_BIT_CONVERSION = YES;
				GCC_WARN_ABOUT_RETURN_TYPE = YES_ERROR;
				GCC_WARN_UNDECLARED_SELECTOR = YES;
				GCC_WARN_UNINITIALIZED_AUTOS = YES_AGGRESSIVE;
				GCC_WARN_UNUSED_FUNCTION = YES;
				GCC_WARN_UNUSED_VARIABLE = YES;
				IPHONEOS_DEPLOYMENT_TARGET = 17.0;
				MARKETING_VERSION = 1.0;
				MTL_ENABLE_DEBUG_INFO = NO;
				MTL_FAST_MATH = YES;
				PRODUCT_NAME = "$(TARGET_NAME)";
				SDKROOT = iphoneos;
				SWIFT_COMPILATION_MODE = wholemodule;
				SWIFT_OPTIMIZATION_LEVEL = "-O";
				SWIFT_VERSION = 6.0;
			};
			name = Release;
		};
		837526FB6E795CF6AFA6CF94 /* Debug */ = {
			isa = XCBuildConfiguration;
			buildSettings = {
				ASSETCATALOG_COMPILER_APPICON_NAME = AppIcon;
				ASSETCATALOG_COMPILER_GLOBAL_ACCENT_COLOR_NAME = AccentColor;
				CODE_SIGN_IDENTITY = "iPhone Developer";
				ENABLE_USER_SCRIPT_SANDBOXING = YES;
				GENERATE_INFOPLIST_FILE = YES;
				INFOPLIST_KEY_CFBundleDisplayName = AtharEye;
				INFOPLIST_KEY_UILaunchScreen_Generation = YES;
				INFOPLIST_KEY_UISupportedInterfaceOrientations = UIInterfaceOrientationPortrait;
				INFOPLIST_KEY_UIUserInterfaceStyle = Dark;
				IPHONEOS_DEPLOYMENT_TARGET = 17.0;
				LD_RUNPATH_SEARCH_PATHS = (
					"$(inherited)",
					"@executable_path/Frameworks",
				);
				PRODUCT_BUNDLE_IDENTIFIER = com.atharrobotics.athareyecompare;
				SDKROOT = iphoneos;
				SWIFT_STRICT_CONCURRENCY = complete;
				TARGETED_DEVICE_FAMILY = 1;
			};
			name = Debug;
		};
		EEE4BA9AC372A25944F10730 /* Release */ = {
			isa = XCBuildConfiguration;
			buildSettings = {
				ASSETCATALOG_COMPILER_APPICON_NAME = AppIcon;
				ASSETCATALOG_COMPILER_GLOBAL_ACCENT_COLOR_NAME = AccentColor;
				CODE_SIGN_IDENTITY = "iPhone Developer";
				ENABLE_USER_SCRIPT_SANDBOXING = YES;
				GENERATE_INFOPLIST_FILE = YES;
				INFOPLIST_KEY_CFBundleDisplayName = AtharEye;
				INFOPLIST_KEY_UILaunchScreen_Generation = YES;
				INFOPLIST_KEY_UISupportedInterfaceOrientations = UIInterfaceOrientationPortrait;
				INFOPLIST_KEY_UIUserInterfaceStyle = Dark;
				IPHONEOS_DEPLOYMENT_TARGET = 17.0;
				LD_RUNPATH_SEARCH_PATHS = (
					"$(inherited)",
					"@executable_path/Frameworks",
				);
				PRODUCT_BUNDLE_IDENTIFIER = com.atharrobotics.athareyecompare;
				SDKROOT = iphoneos;
				SWIFT_STRICT_CONCURRENCY = complete;
				TARGETED_DEVICE_FAMILY = 1;
			};
			name = Release;
		};
/* End XCBuildConfiguration section */

/* Begin XCConfigurationList section */
		2931B0318C3210D2F6288109 /* Build configuration list for PBXProject "AtharEyeCompare" */ = {
			isa = XCConfigurationList;
			buildConfigurations = (
				083DA94D43B70870D0E8E19C /* Debug */,
				2E5FF3ED0A6E64ABAFF7146E /* Release */,
			);
			defaultConfigurationIsVisible = 0;
			defaultConfigurationName = Debug;
		};
		5197A4098FF5AADBFB2A3320 /* Build configuration list for PBXNativeTarget "AtharEyeCompare" */ = {
			isa = XCConfigurationList;
			buildConfigurations = (
				837526FB6E795CF6AFA6CF94 /* Debug */,
				EEE4BA9AC372A25944F10730 /* Release */,
			);
			defaultConfigurationIsVisible = 0;
			defaultConfigurationName = Debug;
		};
/* End XCConfigurationList section */
	};
	rootObject = E339FD0A8A64FF8628865FAC /* Project object */;
}
